{
  "originHash" : "7313015655f1a7d8bd0650414d2603082fdc565294fa12aacbdcadfe82122f93",
  "pins" : [
    {
      "identity" : "swiftui-presentation",
      "kind" : "remoteSourceControl",
      "location" : "https://github.com/vvisionnn/swiftui-presentation",
      "state" : {
        "revision" : "b35838c4888f25df7b59b574642496de65524758",
        "version" : "0.3.2"
      }
    }
  ],
  "version" : 3
}
