{
  "originHash" : "2d74057133180739c5ce92cfd0eb72feba8c81abfe4274d419da5deff7f1bcb1",
  "pins" : [
    {
      "identity" : "swiftui-presentation",
      "kind" : "remoteSourceControl",
      "location" : "https://github.com/vvisionnn/swiftui-presentation",
      "state" : {
        "revision" : "64bba25f0ac32961970fbcc77cfc25e61e521dc5",
        "version" : "0.3.3"
      }
    }
  ],
  "version" : 3
}
